// !$*UTF8*$!
{
	archiveVersion = 1;
	classes = {
	};
	objectVersion = 50;
	objects = {

/* Begin PBXBuildFile section */
		243BE6F4264798E8008BEF1D /* AppDelegate.swift in Sources */ = {isa = PBXBuildFile; fileRef = 243BE6F3264798E8008BEF1D /* AppDelegate.swift */; };
		243BE6F6264798E8008BEF1D /* SceneDelegate.swift in Sources */ = {isa = PBXBuildFile; fileRef = 243BE6F5264798E8008BEF1D /* SceneDelegate.swift */; };
		243BE6F8264798E8008BEF1D /* ViewController.swift in Sources */ = {isa = PBXBuildFile; fileRef = 243BE6F7264798E8008BEF1D /* ViewController.swift */; };
		243BE6FB264798E8008BEF1D /* Main.storyboard in Resources */ = {isa = PBXBuildFile; fileRef = 243BE6F9264798E8008BEF1D /* Main.storyboard */; };
		243BE6FD264798E9008BEF1D /* Assets.xcassets in Resources */ = {isa = PBXBuildFile; fileRef = 243BE6FC264798E9008BEF1D /* Assets.xcassets */; };
		243BE700264798E9008BEF1D /* LaunchScreen.storyboard in Resources */ = {isa = PBXBuildFile; fileRef = 243BE6FE264798E9008BEF1D /* LaunchScreen.storyboard */; };
		243BE70B264799EF008BEF1D /* Screen Shot 2021-04-29 at 12.10.55 AM.png in Resources */ = {isa = PBXBuildFile; fileRef = 243BE70A264799EF008BEF1D /* Screen Shot 2021-04-29 at 12.10.55 AM.png */; };
/* End PBXBuildFile section */

/* Begin PBXFileReference section */
		243BE6F0264798E8008BEF1D /* last app.app */ = {isa = PBXFileReference; explicitFileType = wrapper.application; includeInIndex = 0; path = "last app.app"; sourceTree = BUILT_PRODUCTS_DIR; };
		243BE6F3264798E8008BEF1D /* AppDelegate.swift */ = {isa = PBXFileReference; lastKnownFileType = sourcecode.swift; path = AppDelegate.swift; sourceTree = "<group>"; };
		243BE6F5264798E8008BEF1D /* SceneDelegate.swift */ = {isa = PBXFileReference; lastKnownFileType = sourcecode.swift; path = SceneDelegate.swift; sourceTree = "<group>"; };
		243BE6F7264798E8008BEF1D /* ViewController.swift */ = {isa = PBXFileReference; lastKnownFileType = sourcecode.swift; path = ViewController.swift; sourceTree = "<group>"; };
		243BE6FA264798E8008BEF1D /* Base */ = {isa = PBXFileReference; lastKnownFileType = file.storyboard; name = Base; path = Base.lproj/Main.storyboard; sourceTree = "<group>"; };
		243BE6FC264798E9008BEF1D /* Assets.xcassets */ = {isa = PBXFileReference; lastKnownFileType = folder.assetcatalog; path = Assets.xcassets; sourceTree = "<group>"; };
		243BE6FF264798E9008BEF1D /* Base */ = {isa = PBXFileReference; lastKnownFileType = file.storyboard; name = Base; path = Base.lproj/LaunchScreen.storyboard; sourceTree = "<group>"; };
		243BE701264798E9008BEF1D /* Info.plist */ = {isa = PBXFileReference; lastKnownFileType = text.plist.xml; path = Info.plist; sourceTree = "<group>"; };
		243BE70A264799EF008BEF1D /* Screen Shot 2021-04-29 at 12.10.55 AM.png */ = {isa = PBXFileReference; lastKnownFileType = image.png; path = "Screen Shot 2021-04-29 at 12.10.55 AM.png"; sourceTree = "<group>"; };
/* End PBXFileReference section */

/* Begin PBXFrameworksBuildPhase section */
		243BE6ED264798E8008BEF1D /* Frameworks */ = {
			isa = PBXFrameworksBuildPhase;
			buildActionMask = 2147483647;
			files = (
			);
			runOnlyForDeploymentPostprocessing = 0;
		};
/* End PBXFrameworksBuildPhase section */

/* Begin PBXGroup section */
		243BE6E7264798E8008BEF1D = {
			isa = PBXGroup;
			children = (
				243BE6F2264798E8008BEF1D /* last app */,
				243BE6F1264798E8008BEF1D /* Products */,
			);
			sourceTree = "<group>";
		};
		243BE6F1264798E8008BEF1D /* Products */ = {
			isa = PBXGroup;
			children = (
				243BE6F0264798E8008BEF1D /* last app.app */,
			);
			name = Products;
			sourceTree = "<group>";
		};
		243BE6F2264798E8008BEF1D /* last app */ = {
			isa = PBXGroup;
			children = (
				243BE70826479913008BEF1D /* pic */,
				243BE6F3264798E8008BEF1D /* AppDelegate.swift */,
				243BE6F5264798E8008BEF1D /* SceneDelegate.swift */,
				243BE6F7264798E8008BEF1D /* ViewController.swift */,
				243BE6F9264798E8008BEF1D /* Main.storyboard */,
				243BE6FC264798E9008BEF1D /* Assets.xcassets */,
				243BE6FE264798E9008BEF1D /* LaunchScreen.storyboard */,
				243BE701264798E9008BEF1D /* Info.plist */,
			);
			path = "last app";
			sourceTree = "<group>";
		};
		243BE70826479913008BEF1D /* pic */ = {
			isa = PBXGroup;
			children = (
				243BE70A264799EF008BEF1D /* Screen Shot 2021-04-29 at 12.10.55 AM.png */,
			);
			path = pic;
			sourceTree = "<group>";
		};
/* End PBXGroup section */

/* Begin PBXNativeTarget section */
		243BE6EF264798E8008BEF1D /* last app */ = {
			isa = PBXNativeTarget;
			buildConfigurationList = 243BE704264798E9008BEF1D /* Build configuration list for PBXNativeTarget "last app" */;
			buildPhases = (
				243BE6EC264798E8008BEF1D /* Sources */,
				243BE6ED264798E8008BEF1D /* Frameworks */,
				243BE6EE264798E8008BEF1D /* Resources */,
			);
			buildRules = (
			);
			dependencies = (
			);
			name = "last app";
			productName = "last app";
			productReference = 243BE6F0264798E8008BEF1D /* last app.app */;
			productType = "com.apple.product-type.application";
		};
/* End PBXNativeTarget section */

/* Begin PBXProject section */
		243BE6E8264798E8008BEF1D /* Project object */ = {
			isa = PBXProject;
			attributes = {
				LastSwiftUpdateCheck = 1240;
				LastUpgradeCheck = 1240;
				TargetAttributes = {
					243BE6EF264798E8008BEF1D = {
						CreatedOnToolsVersion = 12.4;
					};
				};
			};
			buildConfigurationList = 243BE6EB264798E8008BEF1D /* Build configuration list for PBXProject "last app" */;
			compatibilityVersion = "Xcode 9.3";
			developmentRegion = en;
			hasScannedForEncodings = 0;
			knownRegions = (
				en,
				Base,
			);
			mainGroup = 243BE6E7264798E8008BEF1D;
			productRefGroup = 243BE6F1264798E8008BEF1D /* Products */;
			projectDirPath = "";
			projectRoot = "";
			targets = (
				243BE6EF264798E8008BEF1D /* last app */,
			);
		};
/* End PBXProject section */

/* Begin PBXResourcesBuildPhase section */
		243BE6EE264798E8008BEF1D /* Resources */ = {
			isa = PBXResourcesBuildPhase;
			buildActionMask = 2147483647;
			files = (
				243BE700264798E9008BEF1D /* LaunchScreen.storyboard in Resources */,
				243BE70B264799EF008BEF1D /* Screen Shot 2021-04-29 at 12.10.55 AM.png in Resources */,
				243BE6FD264798E9008BEF1D /* Assets.xcassets in Resources */,
				243BE6FB264798E8008BEF1D /* Main.storyboard in Resources */,
			);
			runOnlyForDeploymentPostprocessing = 0;
		};
/* End PBXResourcesBuildPhase section */

/* Begin PBXSourcesBuildPhase section */
		243BE6EC264798E8008BEF1D /* Sources */ = {
			isa = PBXSourcesBuildPhase;
			buildActionMask = 2147483647;
			files = (
				243BE6F8264798E8008BEF1D /* ViewController.swift in Sources */,
				243BE6F4264798E8008BEF1D /* AppDelegate.swift in Sources */,
				243BE6F6264798E8008BEF1D /* SceneDelegate.swift in Sources */,
			);
			runOnlyForDeploymentPostprocessing = 0;
		};
/* End PBXSourcesBuildPhase section */

/* Begin PBXVariantGroup section */
		243BE6F9264798E8008BEF1D /* Main.storyboard */ = {
			isa = PBXVariantGroup;
			children = (
				243BE6FA264798E8008BEF1D /* Base */,
			);
			name = Main.storyboard;
			sourceTree = "<group>";
		};
		243BE6FE264798E9008BEF1D /* LaunchScreen.storyboard */ = {
			isa = PBXVariantGroup;
			children = (
				243BE6FF264798E9008BEF1D /* Base */,
			);
			name = LaunchScreen.storyboard;
			sourceTree = "<group>";
		};
/* End PBXVariantGroup section */

/* Begin XCBuildConfiguration section */
		243BE702264798E9008BEF1D /* Debug */ = {
			isa = XCBuildConfiguration;
			buildSettings = {
				ALWAYS_SEARCH_USER_PATHS = NO;
				CLANG_ANALYZER_NONNULL = YES;
				CLANG_ANALYZER_NUMBER_OBJECT_CONVERSION = YES_AGGRESSIVE;
				CLANG_CXX_LANGUAGE_STANDARD = "gnu++14";
				CLANG_CXX_LIBRARY = "libc++";
				CLANG_ENABLE_MODULES = YES;
				CLANG_ENABLE_OBJC_ARC = YES;
				CLANG_ENABLE_OBJC_WEAK = YES;
				CLANG_WARN_BLOCK_CAPTURE_AUTORELEASING = YES;
				CLANG_WARN_BOOL_CONVERSION = YES;
				CLANG_WARN_COMMA = YES;
				CLANG_WARN_CONSTANT_CONVERSION = YES;
				CLANG_WARN_DEPRECATED_OBJC_IMPLEMENTATIONS = YES;
				CLANG_WARN_DIRECT_OBJC_ISA_USAGE = YES_ERROR;
				CLANG_WARN_DOCUMENTATION_COMMENTS = YES;
				CLANG_WARN_EMPTY_BODY = YES;
				CLANG_WARN_ENUM_CONVERSION = YES;
				CLANG_WARN_INFINITE_RECURSION = YES;
				CLANG_WARN_INT_CONVERSION = YES;
				CLANG_WARN_NON_LITERAL_NULL_CONVERSION = YES;
				CLANG_WARN_OBJC_IMPLICIT_RETAIN_SELF = YES;
				CLANG_WARN_OBJC_LITERAL_CONVERSION = YES;
				CLANG_WARN_OBJC_ROOT_CLASS = YES_ERROR;
				CLANG_WARN_QUOTED_INCLUDE_IN_FRAMEWORK_HEADER = YES;
				CLANG_WARN_RANGE_LOOP_ANALYSIS = YES;
				CLANG_WARN_STRICT_PROTOTYPES = YES;
				CLANG_WARN_SUSPICIOUS_MOVE = YES;
				CLANG_WARN_UNGUARDED_AVAILABILITY = YES_AGGRESSIVE;
				CLANG_WARN_UNREACHABLE_CODE = YES;
				CLANG_WARN__DUPLICATE_METHOD_MATCH = YES;
				COPY_PHASE_STRIP = NO;
				DEBUG_INFORMATION_FORMAT = dwarf;
				ENABLE_STRICT_OBJC_MSGSEND = YES;
				ENABLE_TESTABILITY = YES;
				GCC_C_LANGUAGE_STANDARD = gnu11;
				GCC_DYNAMIC_NO_PIC = NO;
				GCC_NO_COMMON_BLOCKS = YES;
				GCC_OPTIMIZATION_LEVEL = 0;
				GCC_PREPROCESSOR_DEFINITIONS = (
					"DEBUG=1",
					"$(inherited)",
				);
				GCC_WARN_64_TO_32_BIT_CONVERSION = YES;
				GCC_WARN_ABOUT_RETURN_TYPE = YES_ERROR;
				GCC_WARN_UNDECLARED_SELECTOR = YES;
				GCC_WARN_UNINITIALIZED_AUTOS = YES_AGGRESSIVE;
				GCC_WARN_UNUSED_FUNCTION = YES;
				GCC_WARN_UNUSED_VARIABLE = YES;
				IPHONEOS_DEPLOYMENT_TARGET = 14.4;
				MTL_ENABLE_DEBUG_INFO = INCLUDE_SOURCE;
				MTL_FAST_MATH = YES;
				ONLY_ACTIVE_ARCH = YES;
				SDKROOT = iphoneos;
				SWIFT_ACTIVE_COMPILATION_CONDITIONS = DEBUG;
				SWIFT_OPTIMIZATION_LEVEL = "-Onone";
			};
			name = Debug;
		};
		243BE703264798E9008BEF1D /* Release */ = {
			isa = XCBuildConfiguration;
			buildSettings = {
				ALWAYS_SEARCH_USER_PATHS = NO;
				CLANG_ANALYZER_NONNULL = YES;
				CLANG_ANALYZER_NUMBER_OBJECT_CONVERSION = YES_AGGRESSIVE;
				CLANG_CXX_LANGUAGE_STANDARD = "gnu++14";
				CLANG_CXX_LIBRARY = "libc++";
				CLANG_ENABLE_MODULES = YES;
				CLANG_ENABLE_OBJC_ARC = YES;
				CLANG_ENABLE_OBJC_WEAK = YES;
				CLANG_WARN_BLOCK_CAPTURE_AUTORELEASING = YES;
				CLANG_WARN_BOOL_CONVERSION = YES;
				CLANG_WARN_COMMA = YES;
				CLANG_WARN_CONSTANT_CONVERSION = YES;
				CLANG_WARN_DEPRECATED_OBJC_IMPLEMENTATIONS = YES;
				CLANG_WARN_DIRECT_OBJC_ISA_USAGE = YES_ERROR;
				CLANG_WARN_DOCUMENTATION_COMMENTS = YES;
				CLANG_WARN_EMPTY_BODY = YES;
				CLANG_WARN_ENUM_CONVERSION = YES;
				CLANG_WARN_INFINITE_RECURSION = YES;
				CLANG_WARN_INT_CONVERSION = YES;
				CLANG_WARN_NON_LITERAL_NULL_CONVERSION = YES;
				CLANG_WARN_OBJC_IMPLICIT_RETAIN_SELF = YES;
				CLANG_WARN_OBJC_LITERAL_CONVERSION = YES;
				CLANG_WARN_OBJC_ROOT_CLASS = YES_ERROR;
				CLANG_WARN_QUOTED_INCLUDE_IN_FRAMEWORK_HEADER = YES;
				CLANG_WARN_RANGE_LOOP_ANALYSIS = YES;
				CLANG_WARN_STRICT_PROTOTYPES = YES;
				CLANG_WARN_SUSPICIOUS_MOVE = YES;
				CLANG_WARN_UNGUARDED_AVAILABILITY = YES_AGGRESSIVE;
				CLANG_WARN_UNREACHABLE_CODE = YES;
				CLANG_WARN__DUPLICATE_METHOD_MATCH = YES;
				COPY_PHASE_STRIP = NO;
				DEBUG_INFORMATION_FORMAT = "dwarf-with-dsym";
				ENABLE_NS_ASSERTIONS = NO;
				ENABLE_STRICT_OBJC_MSGSEND = YES;
				GCC_C_LANGUAGE_STANDARD = gnu11;
				GCC_NO_COMMON_BLOCKS = YES;
				GCC_WARN_64_TO_32_BIT_CONVERSION = YES;
				GCC_WARN_ABOUT_RETURN_TYPE = YES_ERROR;
				GCC_WARN_UNDECLARED_SELECTOR = YES;
				GCC_WARN_UNINITIALIZED_AUTOS = YES_AGGRESSIVE;
				GCC_WARN_UNUSED_FUNCTION = YES;
				GCC_WARN_UNUSED_VARIABLE = YES;
				IPHONEOS_DEPLOYMENT_TARGET = 14.4;
				MTL_ENABLE_DEBUG_INFO = NO;
				MTL_FAST_MATH = YES;
				SDKROOT = iphoneos;
				SWIFT_COMPILATION_MODE = wholemodule;
				SWIFT_OPTIMIZATION_LEVEL = "-O";
				VALIDATE_PRODUCT = YES;
			};
			name = Release;
		};
		243BE705264798E9008BEF1D /* Debug */ = {
			isa = XCBuildConfiguration;
			buildSettings = {
				ASSETCATALOG_COMPILER_APPICON_NAME = AppIcon;
				ASSETCATALOG_COMPILER_GLOBAL_ACCENT_COLOR_NAME = AccentColor;
				CODE_SIGN_STYLE = Automatic;
				INFOPLIST_FILE = "last app/Info.plist";
				LD_RUNPATH_SEARCH_PATHS = (
					"$(inherited)",
					"@executable_path/Frameworks",
				);
				PRODUCT_BUNDLE_IDENTIFIER = "edu.rockvalleycollege.last-app";
				PRODUCT_NAME = "$(TARGET_NAME)";
				SWIFT_VERSION = 5.0;
				TARGETED_DEVICE_FAMILY = "1,2";
			};
			name = Debug;
		};
		243BE706264798E9008BEF1D /* Release */ = {
			isa = XCBuildConfiguration;
			buildSettings = {
				ASSETCATALOG_COMPILER_APPICON_NAME = AppIcon;
				ASSETCATALOG_COMPILER_GLOBAL_ACCENT_COLOR_NAME = AccentColor;
				CODE_SIGN_STYLE = Automatic;
				INFOPLIST_FILE = "last app/Info.plist";
				LD_RUNPATH_SEARCH_PATHS = (
					"$(inherited)",
					"@executable_path/Frameworks",
				);
				PRODUCT_BUNDLE_IDENTIFIER = "edu.rockvalleycollege.last-app";
				PRODUCT_NAME = "$(TARGET_NAME)";
				SWIFT_VERSION = 5.0;
				TARGETED_DEVICE_FAMILY = "1,2";
			};
			name = Release;
		};
/* End XCBuildConfiguration section */

/* Begin XCConfigurationList section */
		243BE6EB264798E8008BEF1D /* Build configuration list for PBXProject "last app" */ = {
			isa = XCConfigurationList;
			buildConfigurations = (
				243BE702264798E9008BEF1D /* Debug */,
				243BE703264798E9008BEF1D /* Release */,
			);
			defaultConfigurationIsVisible = 0;
			defaultConfigurationName = Release;
		};
		243BE704264798E9008BEF1D /* Build configuration list for PBXNativeTarget "last app" */ = {
			isa = XCConfigurationList;
			buildConfigurations = (
				243BE705264798E9008BEF1D /* Debug */,
				243BE706264798E9008BEF1D /* Release */,
			);
			defaultConfigurationIsVisible = 0;
			defaultConfigurationName = Release;
		};
/* End XCConfigurationList section */
	};
	rootObject = 243BE6E8264798E8008BEF1D /* Project object */;
}
